
Microsoft Visual Studio Solution File, Format Version 12.00
# Visual Studio 15
VisualStudioVersion = 15.0.26124.0
MinimumVisualStudioVersion = 15.0.26124.0
Project("{FAE04EC0-301F-11D3-BF4B-00C04F79EFBC}") = "CuboApi", "CuboApi\CuboApi.csproj", "{38CF85EE-B3B5-4C81-9BDA-0257FE66F16C}"
EndProject
Project("{FAE04EC0-301F-11D3-BF4B-00C04F79EFBC}") = "CuboCore", "CuboCore\CuboCore.csproj", "{9248C46A-53EE-4FF1-81BC-6A1DA290CD4A}"
EndProject
Project("{FAE04EC0-301F-11D3-BF4B-00C04F79EFBC}") = "CuboCoreTests", "CuboCoreTests\CuboCoreTests.csproj", "{BD6A3925-4A58-454F-BCEC-D1359E79B7F0}"
EndProject
Global
	GlobalSection(SolutionConfigurationPlatforms) = preSolution
		Debug|Any CPU = Debug|Any CPU
		Debug|x64 = Debug|x64
		Debug|x86 = Debug|x86
		Release|Any CPU = Release|Any CPU
		Release|x64 = Release|x64
		Release|x86 = Release|x86
	EndGlobalSection
	GlobalSection(SolutionProperties) = preSolution
		HideSolutionNode = FALSE
	EndGlobalSection
	GlobalSection(ProjectConfigurationPlatforms) = postSolution
		{38CF85EE-B3B5-4C81-9BDA-0257FE66F16C}.Debug|Any CPU.ActiveCfg = Debug|Any CPU
		{38CF85EE-B3B5-4C81-9BDA-0257FE66F16C}.Debug|Any CPU.Build.0 = Debug|Any CPU
		{38CF85EE-B3B5-4C81-9BDA-0257FE66F16C}.Debug|x64.ActiveCfg = Debug|Any CPU
		{38CF85EE-B3B5-4C81-9BDA-0257FE66F16C}.Debug|x64.Build.0 = Debug|Any CPU
		{38CF85EE-B3B5-4C81-9BDA-0257FE66F16C}.Debug|x86.ActiveCfg = Debug|Any CPU
		{38CF85EE-B3B5-4C81-9BDA-0257FE66F16C}.Debug|x86.Build.0 = Debug|Any CPU
		{38CF85EE-B3B5-4C81-9BDA-0257FE66F16C}.Release|Any CPU.ActiveCfg = Release|Any CPU
		{38CF85EE-B3B5-4C81-9BDA-0257FE66F16C}.Release|Any CPU.Build.0 = Release|Any CPU
		{38CF85EE-B3B5-4C81-9BDA-0257FE66F16C}.Release|x64.ActiveCfg = Release|Any CPU
		{38CF85EE-B3B5-4C81-9BDA-0257FE66F16C}.Release|x64.Build.0 = Release|Any CPU
		{38CF85EE-B3B5-4C81-9BDA-0257FE66F16C}.Release|x86.ActiveCfg = Release|Any CPU
		{38CF85EE-B3B5-4C81-9BDA-0257FE66F16C}.Release|x86.Build.0 = Release|Any CPU
		{9248C46A-53EE-4FF1-81BC-6A1DA290CD4A}.Debug|Any CPU.ActiveCfg = Debug|Any CPU
		{9248C46A-53EE-4FF1-81BC-6A1DA290CD4A}.Debug|Any CPU.Build.0 = Debug|Any CPU
		{9248C46A-53EE-4FF1-81BC-6A1DA290CD4A}.Debug|x64.ActiveCfg = Debug|Any CPU
		{9248C46A-53EE-4FF1-81BC-6A1DA290CD4A}.Debug|x64.Build.0 = Debug|Any CPU
		{9248C46A-53EE-4FF1-81BC-6A1DA290CD4A}.Debug|x86.ActiveCfg = Debug|Any CPU
		{9248C46A-53EE-4FF1-81BC-6A1DA290CD4A}.Debug|x86.Build.0 = Debug|Any CPU
		{9248C46A-53EE-4FF1-81BC-6A1DA290CD4A}.Release|Any CPU.ActiveCfg = Release|Any CPU
		{9248C46A-53EE-4FF1-81BC-6A1DA290CD4A}.Release|Any CPU.Build.0 = Release|Any CPU
		{9248C46A-53EE-4FF1-81BC-6A1DA290CD4A}.Release|x64.ActiveCfg = Release|Any CPU
		{9248C46A-53EE-4FF1-81BC-6A1DA290CD4A}.Release|x64.Build.0 = Release|Any CPU
		{9248C46A-53EE-4FF1-81BC-6A1DA290CD4A}.Release|x86.ActiveCfg = Release|Any CPU
		{9248C46A-53EE-4FF1-81BC-6A1DA290CD4A}.Release|x86.Build.0 = Release|Any CPU
		{BD6A3925-4A58-454F-BCEC-D1359E79B7F0}.Debug|Any CPU.ActiveCfg = Debug|Any CPU
		{BD6A3925-4A58-454F-BCEC-D1359E79B7F0}.Debug|Any CPU.Build.0 = Debug|Any CPU
		{BD6A3925-4A58-454F-BCEC-D1359E79B7F0}.Debug|x64.ActiveCfg = Debug|Any CPU
		{BD6A3925-4A58-454F-BCEC-D1359E79B7F0}.Debug|x64.Build.0 = Debug|Any CPU
		{BD6A3925-4A58-454F-BCEC-D1359E79B7F0}.Debug|x86.ActiveCfg = Debug|Any CPU
		{BD6A3925-4A58-454F-BCEC-D1359E79B7F0}.Debug|x86.Build.0 = Debug|Any CPU
		{BD6A3925-4A58-454F-BCEC-D1359E79B7F0}.Release|Any CPU.ActiveCfg = Release|Any CPU
		{BD6A3925-4A58-454F-BCEC-D1359E79B7F0}.Release|Any CPU.Build.0 = Release|Any CPU
		{BD6A3925-4A58-454F-BCEC-D1359E79B7F0}.Release|x64.ActiveCfg = Release|Any CPU
		{BD6A3925-4A58-454F-BCEC-D1359E79B7F0}.Release|x64.Build.0 = Release|Any CPU
		{BD6A3925-4A58-454F-BCEC-D1359E79B7F0}.Release|x86.ActiveCfg = Release|Any CPU
		{BD6A3925-4A58-454F-BCEC-D1359E79B7F0}.Release|x86.Build.0 = Release|Any CPU
	EndGlobalSection
EndGlobal
